// !$*UTF8*$!
{
	archiveVersion = 1;
	classes = {
	};
	objectVersion = 50;
	objects = {

/* Begin PBXBuildFile section */
		87057CB4212BF47400CF570C /* BaseMainViewController.swift in Sources */ = {isa = PBXBuildFile; fileRef = 87057CB3212BF47400CF570C /* BaseMainViewController.swift */; };
		87057CB6212BF49500CF570C /* DordlyMySelfViewController.swift in Sources */ = {isa = PBXBuildFile; fileRef = 87057CB5212BF49500CF570C /* DordlyMySelfViewController.swift */; };
		87057CB8212BF4A400CF570C /* DordlyFindViewController.swift in Sources */ = {isa = PBXBuildFile; fileRef = 87057CB7212BF4A400CF570C /* DordlyFindViewController.swift */; };
		87057CBA212BF4B300CF570C /* DordlyVideoViewController.swift in Sources */ = {isa = PBXBuildFile; fileRef = 87057CB9212BF4B300CF570C /* DordlyVideoViewController.swift */; };
		87057CBC212BF4CB00CF570C /* DordlyListenViewController.swift in Sources */ = {isa = PBXBuildFile; fileRef = 87057CBB212BF4CB00CF570C /* DordlyListenViewController.swift */; };
		87057CBE212BF4E000CF570C /* DordlyFirstViewController.swift in Sources */ = {isa = PBXBuildFile; fileRef = 87057CBD212BF4E000CF570C /* DordlyFirstViewController.swift */; };
		87809E76212A78B500EA7E63 /* AppDelegate.swift in Sources */ = {isa = PBXBuildFile; fileRef = 87809E75212A78B500EA7E63 /* AppDelegate.swift */; };
		87809E78212A78B500EA7E63 /* ViewController.swift in Sources */ = {isa = PBXBuildFile; fileRef = 87809E77212A78B500EA7E63 /* ViewController.swift */; };
		87809E7B212A78B500EA7E63 /* Main.storyboard in Resources */ = {isa = PBXBuildFile; fileRef = 87809E79212A78B500EA7E63 /* Main.storyboard */; };
		87809E7D212A78B600EA7E63 /* Assets.xcassets in Resources */ = {isa = PBXBuildFile; fileRef = 87809E7C212A78B600EA7E63 /* Assets.xcassets */; };
		87809E80212A78B600EA7E63 /* LaunchScreen.storyboard in Resources */ = {isa = PBXBuildFile; fileRef = 87809E7E212A78B600EA7E63 /* LaunchScreen.storyboard */; };
/* End PBXBuildFile section */

/* Begin PBXFileReference section */
		87057CB3212BF47400CF570C /* BaseMainViewController.swift */ = {isa = PBXFileReference; lastKnownFileType = sourcecode.swift; path = BaseMainViewController.swift; sourceTree = "<group>"; };
		87057CB5212BF49500CF570C /* DordlyMySelfViewController.swift */ = {isa = PBXFileReference; lastKnownFileType = sourcecode.swift; path = DordlyMySelfViewController.swift; sourceTree = "<group>"; };
		87057CB7212BF4A400CF570C /* DordlyFindViewController.swift */ = {isa = PBXFileReference; lastKnownFileType = sourcecode.swift; path = DordlyFindViewController.swift; sourceTree = "<group>"; };
		87057CB9212BF4B300CF570C /* DordlyVideoViewController.swift */ = {isa = PBXFileReference; lastKnownFileType = sourcecode.swift; path = DordlyVideoViewController.swift; sourceTree = "<group>"; };
		87057CBB212BF4CB00CF570C /* DordlyListenViewController.swift */ = {isa = PBXFileReference; lastKnownFileType = sourcecode.swift; path = DordlyListenViewController.swift; sourceTree = "<group>"; };
		87057CBD212BF4E000CF570C /* DordlyFirstViewController.swift */ = {isa = PBXFileReference; lastKnownFileType = sourcecode.swift; path = DordlyFirstViewController.swift; sourceTree = "<group>"; };
		87809E72212A78B500EA7E63 /* XiMaLaYaSwift.app */ = {isa = PBXFileReference; explicitFileType = wrapper.application; includeInIndex = 0; path = XiMaLaYaSwift.app; sourceTree = BUILT_PRODUCTS_DIR; };
		87809E75212A78B500EA7E63 /* AppDelegate.swift */ = {isa = PBXFileReference; lastKnownFileType = sourcecode.swift; path = AppDelegate.swift; sourceTree = "<group>"; };
		87809E77212A78B500EA7E63 /* ViewController.swift */ = {isa = PBXFileReference; lastKnownFileType = sourcecode.swift; path = ViewController.swift; sourceTree = "<group>"; };
		87809E7A212A78B500EA7E63 /* Base */ = {isa = PBXFileReference; lastKnownFileType = file.storyboard; name = Base; path = Base.lproj/Main.storyboard; sourceTree = "<group>"; };
		87809E7C212A78B600EA7E63 /* Assets.xcassets */ = {isa = PBXFileReference; lastKnownFileType = folder.assetcatalog; path = Assets.xcassets; sourceTree = "<group>"; };
		87809E7F212A78B600EA7E63 /* Base */ = {isa = PBXFileReference; lastKnownFileType = file.storyboard; name = Base; path = Base.lproj/LaunchScreen.storyboard; sourceTree = "<group>"; };
		87809E81212A78B600EA7E63 /* Info.plist */ = {isa = PBXFileReference; lastKnownFileType = text.plist.xml; path = Info.plist; sourceTree = "<group>"; };
/* End PBXFileReference section */

/* Begin PBXFrameworksBuildPhase section */
		87809E6F212A78B500EA7E63 /* Frameworks */ = {
			isa = PBXFrameworksBuildPhase;
			buildActionMask = 2147483647;
			files = (
			);
			runOnlyForDeploymentPostprocessing = 0;
		};
/* End PBXFrameworksBuildPhase section */

/* Begin PBXGroup section */
		87057CB1212BF3FD00CF570C /* FiftyPage */ = {
			isa = PBXGroup;
			children = (
				87057CB5212BF49500CF570C /* DordlyMySelfViewController.swift */,
			);
			path = FiftyPage;
			sourceTree = "<group>";
		};
		87057CB2212BF46100CF570C /* MainPage */ = {
			isa = PBXGroup;
			children = (
				87057CB3212BF47400CF570C /* BaseMainViewController.swift */,
			);
			path = MainPage;
			sourceTree = "<group>";
		};
		87217380212BF2E10079B7BD /* Util */ = {
			isa = PBXGroup;
			children = (
			);
			path = Util;
			sourceTree = "<group>";
		};
		87217381212BF2E90079B7BD /* Common */ = {
			isa = PBXGroup;
			children = (
			);
			path = Common;
			sourceTree = "<group>";
		};
		87217382212BF2EC0079B7BD /* FrameWork */ = {
			isa = PBXGroup;
			children = (
			);
			path = FrameWork;
			sourceTree = "<group>";
		};
		87217383212BF2EF0079B7BD /* ThirdLibrary */ = {
			isa = PBXGroup;
			children = (
			);
			path = ThirdLibrary;
			sourceTree = "<group>";
		};
		87217384212BF2F10079B7BD /* ViewModel */ = {
			isa = PBXGroup;
			children = (
			);
			path = ViewModel;
			sourceTree = "<group>";
		};
		87217386212BF3280079B7BD /* Model */ = {
			isa = PBXGroup;
			children = (
			);
			path = Model;
			sourceTree = "<group>";
		};
		87217388212BF3430079B7BD /* ViewController */ = {
			isa = PBXGroup;
			children = (
				87057CB2212BF46100CF570C /* MainPage */,
				87057CB1212BF3FD00CF570C /* FiftyPage */,
				8721738E212BF3930079B7BD /* FourPage */,
				8721738B212BF36D0079B7BD /* ThirdPage */,
				8721738D212BF3840079B7BD /* SecondPage */,
				87217389212BF3550079B7BD /* FirstPage */,
			);
			path = ViewController;
			sourceTree = "<group>";
		};
		87217389212BF3550079B7BD /* FirstPage */ = {
			isa = PBXGroup;
			children = (
				87057CBD212BF4E000CF570C /* DordlyFirstViewController.swift */,
			);
			path = FirstPage;
			sourceTree = "<group>";
		};
		8721738B212BF36D0079B7BD /* ThirdPage */ = {
			isa = PBXGroup;
			children = (
				87057CB9212BF4B300CF570C /* DordlyVideoViewController.swift */,
			);
			path = ThirdPage;
			sourceTree = "<group>";
		};
		8721738D212BF3840079B7BD /* SecondPage */ = {
			isa = PBXGroup;
			children = (
				87057CBB212BF4CB00CF570C /* DordlyListenViewController.swift */,
			);
			path = SecondPage;
			sourceTree = "<group>";
		};
		8721738E212BF3930079B7BD /* FourPage */ = {
			isa = PBXGroup;
			children = (
				87057CB7212BF4A400CF570C /* DordlyFindViewController.swift */,
			);
			path = FourPage;
			sourceTree = "<group>";
		};
		87809E69212A78B500EA7E63 = {
			isa = PBXGroup;
			children = (
				87809E74212A78B500EA7E63 /* XiMaLaYaSwift */,
				87809E73212A78B500EA7E63 /* Products */,
			);
			sourceTree = "<group>";
		};
		87809E73212A78B500EA7E63 /* Products */ = {
			isa = PBXGroup;
			children = (
				87809E72212A78B500EA7E63 /* XiMaLaYaSwift.app */,
			);
			name = Products;
			sourceTree = "<group>";
		};
		87809E74212A78B500EA7E63 /* XiMaLaYaSwift */ = {
			isa = PBXGroup;
			children = (
				87217386212BF3280079B7BD /* Model */,
				87217388212BF3430079B7BD /* ViewController */,
				87217384212BF2F10079B7BD /* ViewModel */,
				87217383212BF2EF0079B7BD /* ThirdLibrary */,
				87217382212BF2EC0079B7BD /* FrameWork */,
				87217381212BF2E90079B7BD /* Common */,
				87217380212BF2E10079B7BD /* Util */,
				87809E87212A78EE00EA7E63 /* Other */,
				87809E79212A78B500EA7E63 /* Main.storyboard */,
				87809E7C212A78B600EA7E63 /* Assets.xcassets */,
				87809E7E212A78B600EA7E63 /* LaunchScreen.storyboard */,
				87809E81212A78B600EA7E63 /* Info.plist */,
			);
			path = XiMaLaYaSwift;
			sourceTree = "<group>";
		};
		87809E87212A78EE00EA7E63 /* Other */ = {
			isa = PBXGroup;
			children = (
				87809E75212A78B500EA7E63 /* AppDelegate.swift */,
				87809E77212A78B500EA7E63 /* ViewController.swift */,
			);
			path = Other;
			sourceTree = "<group>";
		};
/* End PBXGroup section */

/* Begin PBXNativeTarget section */
		87809E71212A78B500EA7E63 /* XiMaLaYaSwift */ = {
			isa = PBXNativeTarget;
			buildConfigurationList = 87809E84212A78B600EA7E63 /* Build configuration list for PBXNativeTarget "XiMaLaYaSwift" */;
			buildPhases = (
				87809E6E212A78B500EA7E63 /* Sources */,
				87809E6F212A78B500EA7E63 /* Frameworks */,
				87809E70212A78B500EA7E63 /* Resources */,
			);
			buildRules = (
			);
			dependencies = (
			);
			name = XiMaLaYaSwift;
			productName = XiMaLaYaSwift;
			productReference = 87809E72212A78B500EA7E63 /* XiMaLaYaSwift.app */;
			productType = "com.apple.product-type.application";
		};
/* End PBXNativeTarget section */

/* Begin PBXProject section */
		87809E6A212A78B500EA7E63 /* Project object */ = {
			isa = PBXProject;
			attributes = {
				LastSwiftUpdateCheck = 0940;
				LastUpgradeCheck = 0940;
				ORGANIZATIONNAME = dordly;
				TargetAttributes = {
					87809E71212A78B500EA7E63 = {
						CreatedOnToolsVersion = 9.4.1;
					};
				};
			};
			buildConfigurationList = 87809E6D212A78B500EA7E63 /* Build configuration list for PBXProject "XiMaLaYaSwift" */;
			compatibilityVersion = "Xcode 9.3";
			developmentRegion = en;
			hasScannedForEncodings = 0;
			knownRegions = (
				en,
				Base,
			);
			mainGroup = 87809E69212A78B500EA7E63;
			productRefGroup = 87809E73212A78B500EA7E63 /* Products */;
			projectDirPath = "";
			projectRoot = "";
			targets = (
				87809E71212A78B500EA7E63 /* XiMaLaYaSwift */,
			);
		};
/* End PBXProject section */

/* Begin PBXResourcesBuildPhase section */
		87809E70212A78B500EA7E63 /* Resources */ = {
			isa = PBXResourcesBuildPhase;
			buildActionMask = 2147483647;
			files = (
				87809E80212A78B600EA7E63 /* LaunchScreen.storyboard in Resources */,
				87809E7D212A78B600EA7E63 /* Assets.xcassets in Resources */,
				87809E7B212A78B500EA7E63 /* Main.storyboard in Resources */,
			);
			runOnlyForDeploymentPostprocessing = 0;
		};
/* End PBXResourcesBuildPhase section */

/* Begin PBXSourcesBuildPhase section */
		87809E6E212A78B500EA7E63 /* Sources */ = {
			isa = PBXSourcesBuildPhase;
			buildActionMask = 2147483647;
			files = (
				87057CBA212BF4B300CF570C /* DordlyVideoViewController.swift in Sources */,
				87057CBC212BF4CB00CF570C /* DordlyListenViewController.swift in Sources */,
				87057CB6212BF49500CF570C /* DordlyMySelfViewController.swift in Sources */,
				87809E78212A78B500EA7E63 /* ViewController.swift in Sources */,
				87057CB4212BF47400CF570C /* BaseMainViewController.swift in Sources */,
				87809E76212A78B500EA7E63 /* AppDelegate.swift in Sources */,
				87057CB8212BF4A400CF570C /* DordlyFindViewController.swift in Sources */,
				87057CBE212BF4E000CF570C /* DordlyFirstViewController.swift in Sources */,
			);
			runOnlyForDeploymentPostprocessing = 0;
		};
/* End PBXSourcesBuildPhase section */

/* Begin PBXVariantGroup section */
		87809E79212A78B500EA7E63 /* Main.storyboard */ = {
			isa = PBXVariantGroup;
			children = (
				87809E7A212A78B500EA7E63 /* Base */,
			);
			name = Main.storyboard;
			sourceTree = "<group>";
		};
		87809E7E212A78B600EA7E63 /* LaunchScreen.storyboard */ = {
			isa = PBXVariantGroup;
			children = (
				87809E7F212A78B600EA7E63 /* Base */,
			);
			name = LaunchScreen.storyboard;
			sourceTree = "<group>";
		};
/* End PBXVariantGroup section */

/* Begin XCBuildConfiguration section */
		87809E82212A78B600EA7E63 /* Debug */ = {
			isa = XCBuildConfiguration;
			buildSettings = {
				ALWAYS_SEARCH_USER_PATHS = NO;
				CLANG_ANALYZER_NONNULL = YES;
				CLANG_ANALYZER_NUMBER_OBJECT_CONVERSION = YES_AGGRESSIVE;
				CLANG_CXX_LANGUAGE_STANDARD = "gnu++14";
				CLANG_CXX_LIBRARY = "libc++";
				CLANG_ENABLE_MODULES = YES;
				CLANG_ENABLE_OBJC_ARC = YES;
				CLANG_ENABLE_OBJC_WEAK = YES;
				CLANG_WARN_BLOCK_CAPTURE_AUTORELEASING = YES;
				CLANG_WARN_BOOL_CONVERSION = YES;
				CLANG_WARN_COMMA = YES;
				CLANG_WARN_CONSTANT_CONVERSION = YES;
				CLANG_WARN_DEPRECATED_OBJC_IMPLEMENTATIONS = YES;
				CLANG_WARN_DIRECT_OBJC_ISA_USAGE = YES_ERROR;
				CLANG_WARN_DOCUMENTATION_COMMENTS = YES;
				CLANG_WARN_EMPTY_BODY = YES;
				CLANG_WARN_ENUM_CONVERSION = YES;
				CLANG_WARN_INFINITE_RECURSION = YES;
				CLANG_WARN_INT_CONVERSION = YES;
				CLANG_WARN_NON_LITERAL_NULL_CONVERSION = YES;
				CLANG_WARN_OBJC_IMPLICIT_RETAIN_SELF = YES;
				CLANG_WARN_OBJC_LITERAL_CONVERSION = YES;
				CLANG_WARN_OBJC_ROOT_CLASS = YES_ERROR;
				CLANG_WARN_RANGE_LOOP_ANALYSIS = YES;
				CLANG_WARN_STRICT_PROTOTYPES = YES;
				CLANG_WARN_SUSPICIOUS_MOVE = YES;
				CLANG_WARN_UNGUARDED_AVAILABILITY = YES_AGGRESSIVE;
				CLANG_WARN_UNREACHABLE_CODE = YES;
				CLANG_WARN__DUPLICATE_METHOD_MATCH = YES;
				CODE_SIGN_IDENTITY = "iPhone Developer";
				COPY_PHASE_STRIP = NO;
				DEBUG_INFORMATION_FORMAT = dwarf;
				ENABLE_STRICT_OBJC_MSGSEND = YES;
				ENABLE_TESTABILITY = YES;
				GCC_C_LANGUAGE_STANDARD = gnu11;
				GCC_DYNAMIC_NO_PIC = NO;
				GCC_NO_COMMON_BLOCKS = YES;
				GCC_OPTIMIZATION_LEVEL = 0;
				GCC_PREPROCESSOR_DEFINITIONS = (
					"DEBUG=1",
					"$(inherited)",
				);
				GCC_WARN_64_TO_32_BIT_CONVERSION = YES;
				GCC_WARN_ABOUT_RETURN_TYPE = YES_ERROR;
				GCC_WARN_UNDECLARED_SELECTOR = YES;
				GCC_WARN_UNINITIALIZED_AUTOS = YES_AGGRESSIVE;
				GCC_WARN_UNUSED_FUNCTION = YES;
				GCC_WARN_UNUSED_VARIABLE = YES;
				IPHONEOS_DEPLOYMENT_TARGET = 11.4;
				MTL_ENABLE_DEBUG_INFO = YES;
				ONLY_ACTIVE_ARCH = YES;
				SDKROOT = iphoneos;
				SWIFT_ACTIVE_COMPILATION_CONDITIONS = DEBUG;
				SWIFT_OPTIMIZATION_LEVEL = "-Onone";
			};
			name = Debug;
		};
		87809E83212A78B600EA7E63 /* Release */ = {
			isa = XCBuildConfiguration;
			buildSettings = {
				ALWAYS_SEARCH_USER_PATHS = NO;
				CLANG_ANALYZER_NONNULL = YES;
				CLANG_ANALYZER_NUMBER_OBJECT_CONVERSION = YES_AGGRESSIVE;
				CLANG_CXX_LANGUAGE_STANDARD = "gnu++14";
				CLANG_CXX_LIBRARY = "libc++";
				CLANG_ENABLE_MODULES = YES;
				CLANG_ENABLE_OBJC_ARC = YES;
				CLANG_ENABLE_OBJC_WEAK = YES;
				CLANG_WARN_BLOCK_CAPTURE_AUTORELEASING = YES;
				CLANG_WARN_BOOL_CONVERSION = YES;
				CLANG_WARN_COMMA = YES;
				CLANG_WARN_CONSTANT_CONVERSION = YES;
				CLANG_WARN_DEPRECATED_OBJC_IMPLEMENTATIONS = YES;
				CLANG_WARN_DIRECT_OBJC_ISA_USAGE = YES_ERROR;
				CLANG_WARN_DOCUMENTATION_COMMENTS = YES;
				CLANG_WARN_EMPTY_BODY = YES;
				CLANG_WARN_ENUM_CONVERSION = YES;
				CLANG_WARN_INFINITE_RECURSION = YES;
				CLANG_WARN_INT_CONVERSION = YES;
				CLANG_WARN_NON_LITERAL_NULL_CONVERSION = YES;
				CLANG_WARN_OBJC_IMPLICIT_RETAIN_SELF = YES;
				CLANG_WARN_OBJC_LITERAL_CONVERSION = YES;
				CLANG_WARN_OBJC_ROOT_CLASS = YES_ERROR;
				CLANG_WARN_RANGE_LOOP_ANALYSIS = YES;
				CLANG_WARN_STRICT_PROTOTYPES = YES;
				CLANG_WARN_SUSPICIOUS_MOVE = YES;
				CLANG_WARN_UNGUARDED_AVAILABILITY = YES_AGGRESSIVE;
				CLANG_WARN_UNREACHABLE_CODE = YES;
				CLANG_WARN__DUPLICATE_METHOD_MATCH = YES;
				CODE_SIGN_IDENTITY = "iPhone Developer";
				COPY_PHASE_STRIP = NO;
				DEBUG_INFORMATION_FORMAT = "dwarf-with-dsym";
				ENABLE_NS_ASSERTIONS = NO;
				ENABLE_STRICT_OBJC_MSGSEND = YES;
				GCC_C_LANGUAGE_STANDARD = gnu11;
				GCC_NO_COMMON_BLOCKS = YES;
				GCC_WARN_64_TO_32_BIT_CONVERSION = YES;
				GCC_WARN_ABOUT_RETURN_TYPE = YES_ERROR;
				GCC_WARN_UNDECLARED_SELECTOR = YES;
				GCC_WARN_UNINITIALIZED_AUTOS = YES_AGGRESSIVE;
				GCC_WARN_UNUSED_FUNCTION = YES;
				GCC_WARN_UNUSED_VARIABLE = YES;
				IPHONEOS_DEPLOYMENT_TARGET = 11.4;
				MTL_ENABLE_DEBUG_INFO = NO;
				SDKROOT = iphoneos;
				SWIFT_COMPILATION_MODE = wholemodule;
				SWIFT_OPTIMIZATION_LEVEL = "-O";
				VALIDATE_PRODUCT = YES;
			};
			name = Release;
		};
		87809E85212A78B600EA7E63 /* Debug */ = {
			isa = XCBuildConfiguration;
			buildSettings = {
				ASSETCATALOG_COMPILER_APPICON_NAME = AppIcon;
				CODE_SIGN_STYLE = Automatic;
				DEVELOPMENT_TEAM = 33WFRQF5GU;
				INFOPLIST_FILE = XiMaLaYaSwift/Info.plist;
				LD_RUNPATH_SEARCH_PATHS = (
					"$(inherited)",
					"@executable_path/Frameworks",
				);
				PRODUCT_BUNDLE_IDENTIFIER = com.Dordly.XiMaLaYaSwift;
				PRODUCT_NAME = "$(TARGET_NAME)";
				SWIFT_VERSION = 4.0;
				TARGETED_DEVICE_FAMILY = "1,2";
			};
			name = Debug;
		};
		87809E86212A78B600EA7E63 /* Release */ = {
			isa = XCBuildConfiguration;
			buildSettings = {
				ASSETCATALOG_COMPILER_APPICON_NAME = AppIcon;
				CODE_SIGN_STYLE = Automatic;
				DEVELOPMENT_TEAM = 33WFRQF5GU;
				INFOPLIST_FILE = XiMaLaYaSwift/Info.plist;
				LD_RUNPATH_SEARCH_PATHS = (
					"$(inherited)",
					"@executable_path/Frameworks",
				);
				PRODUCT_BUNDLE_IDENTIFIER = com.Dordly.XiMaLaYaSwift;
				PRODUCT_NAME = "$(TARGET_NAME)";
				SWIFT_VERSION = 4.0;
				TARGETED_DEVICE_FAMILY = "1,2";
			};
			name = Release;
		};
/* End XCBuildConfiguration section */

/* Begin XCConfigurationList section */
		87809E6D212A78B500EA7E63 /* Build configuration list for PBXProject "XiMaLaYaSwift" */ = {
			isa = XCConfigurationList;
			buildConfigurations = (
				87809E82212A78B600EA7E63 /* Debug */,
				87809E83212A78B600EA7E63 /* Release */,
			);
			defaultConfigurationIsVisible = 0;
			defaultConfigurationName = Release;
		};
		87809E84212A78B600EA7E63 /* Build configuration list for PBXNativeTarget "XiMaLaYaSwift" */ = {
			isa = XCConfigurationList;
			buildConfigurations = (
				87809E85212A78B600EA7E63 /* Debug */,
				87809E86212A78B600EA7E63 /* Release */,
			);
			defaultConfigurationIsVisible = 0;
			defaultConfigurationName = Release;
		};
/* End XCConfigurationList section */
	};
	rootObject = 87809E6A212A78B500EA7E63 /* Project object */;
}
